Microsoft Visual Studio Solution File, Format Version 12.00
# Visual Studio Version 17
VisualStudioVersion = 17.5.2.0
MinimumVisualStudioVersion = 10.0.40219.1
Project("{2150E333-8FDC-42A3-9474-1A3956D46DE8}") = "server", "server", "{DAD03CFC-D5FA-AC94-41C7-9ABAB326F09E}"
EndProject
Project("{FAE04EC0-301F-11D3-BF4B-00C04F79EFBC}") = "ContactBook", "server\ContactBook.csproj", "{1CA0D7F5-A14E-58A1-04E7-BD89EAA015EB}"
EndProject
Global
	GlobalSection(SolutionConfigurationPlatforms) = preSolution
		Debug|Any CPU = Debug|Any CPU
		Release|Any CPU = Release|Any CPU
	EndGlobalSection
	GlobalSection(ProjectConfigurationPlatforms) = postSolution
		{1CA0D7F5-A14E-58A1-04E7-BD89EAA015EB}.Debug|Any CPU.ActiveCfg = Debug|Any CPU
		{1CA0D7F5-A14E-58A1-04E7-BD89EAA015EB}.Debug|Any CPU.Build.0 = Debug|Any CPU
		{1CA0D7F5-A14E-58A1-04E7-BD89EAA015EB}.Release|Any CPU.ActiveCfg = Release|Any CPU
		{1CA0D7F5-A14E-58A1-04E7-BD89EAA015EB}.Release|Any CPU.Build.0 = Release|Any CPU
	EndGlobalSection
	GlobalSection(SolutionProperties) = preSolution
		HideSolutionNode = FALSE
	EndGlobalSection
	GlobalSection(NestedProjects) = preSolution
		{1CA0D7F5-A14E-58A1-04E7-BD89EAA015EB} = {DAD03CFC-D5FA-AC94-41C7-9ABAB326F09E}
	EndGlobalSection
	GlobalSection(ExtensibilityGlobals) = postSolution
		SolutionGuid = {14863057-15B5-453F-8301-360D64A3D4C4}
	EndGlobalSection
EndGlobal
